
Microsoft Visual Studio Solution File, Format Version 12.00
Project("{FAE04EC0-301F-11D3-BF4B-00C04F79EFBC}") = "TiebreakerKata", "TiebreakerKata\TiebreakerKata.csproj", "{C0A845B0-BD0F-40A9-B9E4-BF600D5CDFA7}"
EndProject
Project("{FAE04EC0-301F-11D3-BF4B-00C04F79EFBC}") = "TiebreakerKata.Tests", "TiebreakerKata.Tests\TiebreakerKata.Tests.csproj", "{83326CE1-A823-49C9-840C-831197111111}"
EndProject
Global
	GlobalSection(SolutionConfigurationPlatforms) = preSolution
		Debug|Any CPU = Debug|Any CPU
		Release|Any CPU = Release|Any CPU
	EndGlobalSection
	GlobalSection(ProjectConfigurationPlatforms) = postSolution
		{C0A845B0-BD0F-40A9-B9E4-BF600D5CDFA7}.Debug|Any CPU.ActiveCfg = Debug|Any CPU
		{C0A845B0-BD0F-40A9-B9E4-BF600D5CDFA7}.Debug|Any CPU.Build.0 = Debug|Any CPU
		{C0A845B0-BD0F-40A9-B9E4-BF600D5CDFA7}.Release|Any CPU.ActiveCfg = Release|Any CPU
		{C0A845B0-BD0F-40A9-B9E4-BF600D5CDFA7}.Release|Any CPU.Build.0 = Release|Any CPU
		{83326CE1-A823-49C9-840C-831197111111}.Debug|Any CPU.ActiveCfg = Debug|Any CPU
		{83326CE1-A823-49C9-840C-831197111111}.Debug|Any CPU.Build.0 = Debug|Any CPU
		{83326CE1-A823-49C9-840C-831197111111}.Release|Any CPU.ActiveCfg = Release|Any CPU
		{83326CE1-A823-49C9-840C-831197111111}.Release|Any CPU.Build.0 = Release|Any CPU
	EndGlobalSection
EndGlobal
